
Microsoft Visual Studio Solution File, Format Version 12.00
# Visual Studio Version 16
VisualStudioVersion = 16.0.31515.178
MinimumVisualStudioVersion = 10.0.40219.1
Project("{9A19103F-16F7-4668-BE54-9A1E7A4F7556}") = "Store", "Store.csproj", "{C9873D53-95B1-418D-B97F-4085D438228D}"
EndProject
Global
	GlobalSection(SolutionConfigurationPlatforms) = preSolution
		Debug|Any CPU = Debug|Any CPU
		Release|Any CPU = Release|Any CPU
	EndGlobalSection
	GlobalSection(ProjectConfigurationPlatforms) = postSolution
		{C9873D53-95B1-418D-B97F-4085D438228D}.Debug|Any CPU.ActiveCfg = Debug|Any CPU
		{C9873D53-95B1-418D-B97F-4085D438228D}.Debug|Any CPU.Build.0 = Debug|Any CPU
		{C9873D53-95B1-418D-B97F-4085D438228D}.Release|Any CPU.ActiveCfg = Release|Any CPU
		{C9873D53-95B1-418D-B97F-4085D438228D}.Release|Any CPU.Build.0 = Release|Any CPU
	EndGlobalSection
	GlobalSection(SolutionProperties) = preSolution
		HideSolutionNode = FALSE
	EndGlobalSection
	GlobalSection(ExtensibilityGlobals) = postSolution
		SolutionGuid = {8C774F2E-6A15-4080-ACE2-2304E469701B}
	EndGlobalSection
EndGlobal
